// !$*UTF8*$!
{
	archiveVersion = 1;
	classes = {
	};
	objectVersion = 55;
	objects = {

/* Begin PBXBuildFile section */
		4E075375285D16FA00C61475 /* StatsEntryViewController.swift in Sources */ = {isa = PBXBuildFile; fileRef = 4E075374285D16FA00C61475 /* StatsEntryViewController.swift */; };
		4E075377285D1FBA00C61475 /* Game.swift in Sources */ = {isa = PBXBuildFile; fileRef = 4E075376285D1FBA00C61475 /* Game.swift */; };
		4E075379285D426100C61475 /* GameViewCell.swift in Sources */ = {isa = PBXBuildFile; fileRef = 4E075378285D426100C61475 /* GameViewCell.swift */; };
		4E07537B285E3EC000C61475 /* FullStatsViewController.swift in Sources */ = {isa = PBXBuildFile; fileRef = 4E07537A285E3EC000C61475 /* FullStatsViewController.swift */; };
		4E529003285CD50600FC15EE /* AppDelegate.swift in Sources */ = {isa = PBXBuildFile; fileRef = 4E529002285CD50600FC15EE /* AppDelegate.swift */; };
		4E529005285CD50600FC15EE /* SceneDelegate.swift in Sources */ = {isa = PBXBuildFile; fileRef = 4E529004285CD50600FC15EE /* SceneDelegate.swift */; };
		4E529007285CD50600FC15EE /* ViewController.swift in Sources */ = {isa = PBXBuildFile; fileRef = 4E529006285CD50600FC15EE /* ViewController.swift */; };
		4E52900A285CD50600FC15EE /* Main.storyboard in Resources */ = {isa = PBXBuildFile; fileRef = 4E529008285CD50600FC15EE /* Main.storyboard */; };
		4E52900D285CD50600FC15EE /* Individual_volleyball_stats.xcdatamodeld in Sources */ = {isa = PBXBuildFile; fileRef = 4E52900B285CD50600FC15EE /* Individual_volleyball_stats.xcdatamodeld */; };
		4E52900F285CD50800FC15EE /* Assets.xcassets in Resources */ = {isa = PBXBuildFile; fileRef = 4E52900E285CD50800FC15EE /* Assets.xcassets */; };
		4E529012285CD50800FC15EE /* LaunchScreen.storyboard in Resources */ = {isa = PBXBuildFile; fileRef = 4E529010285CD50800FC15EE /* LaunchScreen.storyboard */; };
/* End PBXBuildFile section */

/* Begin PBXFileReference section */
		4E075374285D16FA00C61475 /* StatsEntryViewController.swift */ = {isa = PBXFileReference; lastKnownFileType = sourcecode.swift; path = StatsEntryViewController.swift; sourceTree = "<group>"; };
		4E075376285D1FBA00C61475 /* Game.swift */ = {isa = PBXFileReference; lastKnownFileType = sourcecode.swift; path = Game.swift; sourceTree = "<group>"; };
		4E075378285D426100C61475 /* GameViewCell.swift */ = {isa = PBXFileReference; lastKnownFileType = sourcecode.swift; path = GameViewCell.swift; sourceTree = "<group>"; };
		4E07537A285E3EC000C61475 /* FullStatsViewController.swift */ = {isa = PBXFileReference; lastKnownFileType = sourcecode.swift; path = FullStatsViewController.swift; sourceTree = "<group>"; };
		4E528FFF285CD50600FC15EE /* Individual volleyball stats.app */ = {isa = PBXFileReference; explicitFileType = wrapper.application; includeInIndex = 0; path = "Individual volleyball stats.app"; sourceTree = BUILT_PRODUCTS_DIR; };
		4E529002285CD50600FC15EE /* AppDelegate.swift */ = {isa = PBXFileReference; lastKnownFileType = sourcecode.swift; path = AppDelegate.swift; sourceTree = "<group>"; };
		4E529004285CD50600FC15EE /* SceneDelegate.swift */ = {isa = PBXFileReference; lastKnownFileType = sourcecode.swift; path = SceneDelegate.swift; sourceTree = "<group>"; };
		4E529006285CD50600FC15EE /* ViewController.swift */ = {isa = PBXFileReference; lastKnownFileType = sourcecode.swift; path = ViewController.swift; sourceTree = "<group>"; };
		4E529009285CD50600FC15EE /* Base */ = {isa = PBXFileReference; lastKnownFileType = file.storyboard; name = Base; path = Base.lproj/Main.storyboard; sourceTree = "<group>"; };
		4E52900C285CD50600FC15EE /* Individual_volleyball_stats.xcdatamodel */ = {isa = PBXFileReference; lastKnownFileType = wrapper.xcdatamodel; path = Individual_volleyball_stats.xcdatamodel; sourceTree = "<group>"; };
		4E52900E285CD50800FC15EE /* Assets.xcassets */ = {isa = PBXFileReference; lastKnownFileType = folder.assetcatalog; path = Assets.xcassets; sourceTree = "<group>"; };
		4E529011285CD50800FC15EE /* Base */ = {isa = PBXFileReference; lastKnownFileType = file.storyboard; name = Base; path = Base.lproj/LaunchScreen.storyboard; sourceTree = "<group>"; };
		4E529013285CD50800FC15EE /* Info.plist */ = {isa = PBXFileReference; lastKnownFileType = text.plist.xml; path = Info.plist; sourceTree = "<group>"; };
/* End PBXFileReference section */

/* Begin PBXFrameworksBuildPhase section */
		4E528FFC285CD50600FC15EE /* Frameworks */ = {
			isa = PBXFrameworksBuildPhase;
			buildActionMask = 2147483647;
			files = (
			);
			runOnlyForDeploymentPostprocessing = 0;
		};
/* End PBXFrameworksBuildPhase section */

/* Begin PBXGroup section */
		4E528FF6285CD50500FC15EE = {
			isa = PBXGroup;
			children = (
				4E529001285CD50600FC15EE /* Individual volleyball stats */,
				4E529000285CD50600FC15EE /* Products */,
			);
			sourceTree = "<group>";
		};
		4E529000285CD50600FC15EE /* Products */ = {
			isa = PBXGroup;
			children = (
				4E528FFF285CD50600FC15EE /* Individual volleyball stats.app */,
			);
			name = Products;
			sourceTree = "<group>";
		};
		4E529001285CD50600FC15EE /* Individual volleyball stats */ = {
			isa = PBXGroup;
			children = (
				4E529002285CD50600FC15EE /* AppDelegate.swift */,
				4E529004285CD50600FC15EE /* SceneDelegate.swift */,
				4E529006285CD50600FC15EE /* ViewController.swift */,
				4E075378285D426100C61475 /* GameViewCell.swift */,
				4E075374285D16FA00C61475 /* StatsEntryViewController.swift */,
				4E529008285CD50600FC15EE /* Main.storyboard */,
				4E07537A285E3EC000C61475 /* FullStatsViewController.swift */,
				4E075376285D1FBA00C61475 /* Game.swift */,
				4E52900E285CD50800FC15EE /* Assets.xcassets */,
				4E529010285CD50800FC15EE /* LaunchScreen.storyboard */,
				4E529013285CD50800FC15EE /* Info.plist */,
				4E52900B285CD50600FC15EE /* Individual_volleyball_stats.xcdatamodeld */,
			);
			path = "Individual volleyball stats";
			sourceTree = "<group>";
		};
/* End PBXGroup section */

/* Begin PBXNativeTarget section */
		4E528FFE285CD50600FC15EE /* Individual volleyball stats */ = {
			isa = PBXNativeTarget;
			buildConfigurationList = 4E529016285CD50800FC15EE /* Build configuration list for PBXNativeTarget "Individual volleyball stats" */;
			buildPhases = (
				4E528FFB285CD50600FC15EE /* Sources */,
				4E528FFC285CD50600FC15EE /* Frameworks */,
				4E528FFD285CD50600FC15EE /* Resources */,
			);
			buildRules = (
			);
			dependencies = (
			);
			name = "Individual volleyball stats";
			productName = "Individual volleyball stats";
			productReference = 4E528FFF285CD50600FC15EE /* Individual volleyball stats.app */;
			productType = "com.apple.product-type.application";
		};
/* End PBXNativeTarget section */

/* Begin PBXProject section */
		4E528FF7285CD50500FC15EE /* Project object */ = {
			isa = PBXProject;
			attributes = {
				BuildIndependentTargetsInParallel = 1;
				LastSwiftUpdateCheck = 1320;
				LastUpgradeCheck = 1320;
				TargetAttributes = {
					4E528FFE285CD50600FC15EE = {
						CreatedOnToolsVersion = 13.2.1;
					};
				};
			};
			buildConfigurationList = 4E528FFA285CD50600FC15EE /* Build configuration list for PBXProject "Individual volleyball stats" */;
			compatibilityVersion = "Xcode 13.0";
			developmentRegion = en;
			hasScannedForEncodings = 0;
			knownRegions = (
				en,
				Base,
			);
			mainGroup = 4E528FF6285CD50500FC15EE;
			productRefGroup = 4E529000285CD50600FC15EE /* Products */;
			projectDirPath = "";
			projectRoot = "";
			targets = (
				4E528FFE285CD50600FC15EE /* Individual volleyball stats */,
			);
		};
/* End PBXProject section */

/* Begin PBXResourcesBuildPhase section */
		4E528FFD285CD50600FC15EE /* Resources */ = {
			isa = PBXResourcesBuildPhase;
			buildActionMask = 2147483647;
			files = (
				4E529012285CD50800FC15EE /* LaunchScreen.storyboard in Resources */,
				4E52900F285CD50800FC15EE /* Assets.xcassets in Resources */,
				4E52900A285CD50600FC15EE /* Main.storyboard in Resources */,
			);
			runOnlyForDeploymentPostprocessing = 0;
		};
/* End PBXResourcesBuildPhase section */

/* Begin PBXSourcesBuildPhase section */
		4E528FFB285CD50600FC15EE /* Sources */ = {
			isa = PBXSourcesBuildPhase;
			buildActionMask = 2147483647;
			files = (
				4E075375285D16FA00C61475 /* StatsEntryViewController.swift in Sources */,
				4E07537B285E3EC000C61475 /* FullStatsViewController.swift in Sources */,
				4E075377285D1FBA00C61475 /* Game.swift in Sources */,
				4E52900D285CD50600FC15EE /* Individual_volleyball_stats.xcdatamodeld in Sources */,
				4E075379285D426100C61475 /* GameViewCell.swift in Sources */,
				4E529007285CD50600FC15EE /* ViewController.swift in Sources */,
				4E529003285CD50600FC15EE /* AppDelegate.swift in Sources */,
				4E529005285CD50600FC15EE /* SceneDelegate.swift in Sources */,
			);
			runOnlyForDeploymentPostprocessing = 0;
		};
/* End PBXSourcesBuildPhase section */

/* Begin PBXVariantGroup section */
		4E529008285CD50600FC15EE /* Main.storyboard */ = {
			isa = PBXVariantGroup;
			children = (
				4E529009285CD50600FC15EE /* Base */,
			);
			name = Main.storyboard;
			sourceTree = "<group>";
		};
		4E529010285CD50800FC15EE /* LaunchScreen.storyboard */ = {
			isa = PBXVariantGroup;
			children = (
				4E529011285CD50800FC15EE /* Base */,
			);
			name = LaunchScreen.storyboard;
			sourceTree = "<group>";
		};
/* End PBXVariantGroup section */

/* Begin XCBuildConfiguration section */
		4E529014285CD50800FC15EE /* Debug */ = {
			isa = XCBuildConfiguration;
			buildSettings = {
				ALWAYS_SEARCH_USER_PATHS = NO;
				CLANG_ANALYZER_NONNULL = YES;
				CLANG_ANALYZER_NUMBER_OBJECT_CONVERSION = YES_AGGRESSIVE;
				CLANG_CXX_LANGUAGE_STANDARD = "gnu++17";
				CLANG_CXX_LIBRARY = "libc++";
				CLANG_ENABLE_MODULES = YES;
				CLANG_ENABLE_OBJC_ARC = YES;
				CLANG_ENABLE_OBJC_WEAK = YES;
				CLANG_WARN_BLOCK_CAPTURE_AUTORELEASING = YES;
				CLANG_WARN_BOOL_CONVERSION = YES;
				CLANG_WARN_COMMA = YES;
				CLANG_WARN_CONSTANT_CONVERSION = YES;
				CLANG_WARN_DEPRECATED_OBJC_IMPLEMENTATIONS = YES;
				CLANG_WARN_DIRECT_OBJC_ISA_USAGE = YES_ERROR;
				CLANG_WARN_DOCUMENTATION_COMMENTS = YES;
				CLANG_WARN_EMPTY_BODY = YES;
				CLANG_WARN_ENUM_CONVERSION = YES;
				CLANG_WARN_INFINITE_RECURSION = YES;
				CLANG_WARN_INT_CONVERSION = YES;
				CLANG_WARN_NON_LITERAL_NULL_CONVERSION = YES;
				CLANG_WARN_OBJC_IMPLICIT_RETAIN_SELF = YES;
				CLANG_WARN_OBJC_LITERAL_CONVERSION = YES;
				CLANG_WARN_OBJC_ROOT_CLASS = YES_ERROR;
				CLANG_WARN_QUOTED_INCLUDE_IN_FRAMEWORK_HEADER = YES;
				CLANG_WARN_RANGE_LOOP_ANALYSIS = YES;
				CLANG_WARN_STRICT_PROTOTYPES = YES;
				CLANG_WARN_SUSPICIOUS_MOVE = YES;
				CLANG_WARN_UNGUARDED_AVAILABILITY = YES_AGGRESSIVE;
				CLANG_WARN_UNREACHABLE_CODE = YES;
				CLANG_WARN__DUPLICATE_METHOD_MATCH = YES;
				COPY_PHASE_STRIP = NO;
				DEBUG_INFORMATION_FORMAT = dwarf;
				ENABLE_STRICT_OBJC_MSGSEND = YES;
				ENABLE_TESTABILITY = YES;
				GCC_C_LANGUAGE_STANDARD = gnu11;
				GCC_DYNAMIC_NO_PIC = NO;
				GCC_NO_COMMON_BLOCKS = YES;
				GCC_OPTIMIZATION_LEVEL = 0;
				GCC_PREPROCESSOR_DEFINITIONS = (
					"DEBUG=1",
					"$(inherited)",
				);
				GCC_WARN_64_TO_32_BIT_CONVERSION = YES;
				GCC_WARN_ABOUT_RETURN_TYPE = YES_ERROR;
				GCC_WARN_UNDECLARED_SELECTOR = YES;
				GCC_WARN_UNINITIALIZED_AUTOS = YES_AGGRESSIVE;
				GCC_WARN_UNUSED_FUNCTION = YES;
				GCC_WARN_UNUSED_VARIABLE = YES;
				IPHONEOS_DEPLOYMENT_TARGET = 15.2;
				MTL_ENABLE_DEBUG_INFO = INCLUDE_SOURCE;
				MTL_FAST_MATH = YES;
				ONLY_ACTIVE_ARCH = YES;
				SDKROOT = iphoneos;
				SWIFT_ACTIVE_COMPILATION_CONDITIONS = DEBUG;
				SWIFT_OPTIMIZATION_LEVEL = "-Onone";
			};
			name = Debug;
		};
		4E529015285CD50800FC15EE /* Release */ = {
			isa = XCBuildConfiguration;
			buildSettings = {
				ALWAYS_SEARCH_USER_PATHS = NO;
				CLANG_ANALYZER_NONNULL = YES;
				CLANG_ANALYZER_NUMBER_OBJECT_CONVERSION = YES_AGGRESSIVE;
				CLANG_CXX_LANGUAGE_STANDARD = "gnu++17";
				CLANG_CXX_LIBRARY = "libc++";
				CLANG_ENABLE_MODULES = YES;
				CLANG_ENABLE_OBJC_ARC = YES;
				CLANG_ENABLE_OBJC_WEAK = YES;
				CLANG_WARN_BLOCK_CAPTURE_AUTORELEASING = YES;
				CLANG_WARN_BOOL_CONVERSION = YES;
				CLANG_WARN_COMMA = YES;
				CLANG_WARN_CONSTANT_CONVERSION = YES;
				CLANG_WARN_DEPRECATED_OBJC_IMPLEMENTATIONS = YES;
				CLANG_WARN_DIRECT_OBJC_ISA_USAGE = YES_ERROR;
				CLANG_WARN_DOCUMENTATION_COMMENTS = YES;
				CLANG_WARN_EMPTY_BODY = YES;
				CLANG_WARN_ENUM_CONVERSION = YES;
				CLANG_WARN_INFINITE_RECURSION = YES;
				CLANG_WARN_INT_CONVERSION = YES;
				CLANG_WARN_NON_LITERAL_NULL_CONVERSION = YES;
				CLANG_WARN_OBJC_IMPLICIT_RETAIN_SELF = YES;
				CLANG_WARN_OBJC_LITERAL_CONVERSION = YES;
				CLANG_WARN_OBJC_ROOT_CLASS = YES_ERROR;
				CLANG_WARN_QUOTED_INCLUDE_IN_FRAMEWORK_HEADER = YES;
				CLANG_WARN_RANGE_LOOP_ANALYSIS = YES;
				CLANG_WARN_STRICT_PROTOTYPES = YES;
				CLANG_WARN_SUSPICIOUS_MOVE = YES;
				CLANG_WARN_UNGUARDED_AVAILABILITY = YES_AGGRESSIVE;
				CLANG_WARN_UNREACHABLE_CODE = YES;
				CLANG_WARN__DUPLICATE_METHOD_MATCH = YES;
				COPY_PHASE_STRIP = NO;
				DEBUG_INFORMATION_FORMAT = "dwarf-with-dsym";
				ENABLE_NS_ASSERTIONS = NO;
				ENABLE_STRICT_OBJC_MSGSEND = YES;
				GCC_C_LANGUAGE_STANDARD = gnu11;
				GCC_NO_COMMON_BLOCKS = YES;
				GCC_WARN_64_TO_32_BIT_CONVERSION = YES;
				GCC_WARN_ABOUT_RETURN_TYPE = YES_ERROR;
				GCC_WARN_UNDECLARED_SELECTOR = YES;
				GCC_WARN_UNINITIALIZED_AUTOS = YES_AGGRESSIVE;
				GCC_WARN_UNUSED_FUNCTION = YES;
				GCC_WARN_UNUSED_VARIABLE = YES;
				IPHONEOS_DEPLOYMENT_TARGET = 15.2;
				MTL_ENABLE_DEBUG_INFO = NO;
				MTL_FAST_MATH = YES;
				SDKROOT = iphoneos;
				SWIFT_COMPILATION_MODE = wholemodule;
				SWIFT_OPTIMIZATION_LEVEL = "-O";
				VALIDATE_PRODUCT = YES;
			};
			name = Release;
		};
		4E529017285CD50800FC15EE /* Debug */ = {
			isa = XCBuildConfiguration;
			buildSettings = {
				ASSETCATALOG_COMPILER_APPICON_NAME = AppIcon;
				ASSETCATALOG_COMPILER_GLOBAL_ACCENT_COLOR_NAME = AccentColor;
				CODE_SIGN_STYLE = Automatic;
				CURRENT_PROJECT_VERSION = 1;
				DEVELOPMENT_TEAM = S22H3YR676;
				GENERATE_INFOPLIST_FILE = YES;
				INFOPLIST_FILE = "Individual volleyball stats/Info.plist";
				INFOPLIST_KEY_UIApplicationSupportsIndirectInputEvents = YES;
				INFOPLIST_KEY_UILaunchStoryboardName = LaunchScreen;
				INFOPLIST_KEY_UIMainStoryboardFile = Main;
				INFOPLIST_KEY_UISupportedInterfaceOrientations_iPad = "UIInterfaceOrientationPortrait UIInterfaceOrientationPortraitUpsideDown UIInterfaceOrientationLandscapeLeft UIInterfaceOrientationLandscapeRight";
				INFOPLIST_KEY_UISupportedInterfaceOrientations_iPhone = "UIInterfaceOrientationPortrait UIInterfaceOrientationLandscapeLeft UIInterfaceOrientationLandscapeRight";
				LD_RUNPATH_SEARCH_PATHS = (
					"$(inherited)",
					"@executable_path/Frameworks",
				);
				MARKETING_VERSION = 1.0;
				PRODUCT_BUNDLE_IDENTIFIER = "clc.Individual-volleyball-stats";
				PRODUCT_NAME = "$(TARGET_NAME)";
				SWIFT_EMIT_LOC_STRINGS = YES;
				SWIFT_VERSION = 5.0;
				TARGETED_DEVICE_FAMILY = "1,2";
			};
			name = Debug;
		};
		4E529018285CD50800FC15EE /* Release */ = {
			isa = XCBuildConfiguration;
			buildSettings = {
				ASSETCATALOG_COMPILER_APPICON_NAME = AppIcon;
				ASSETCATALOG_COMPILER_GLOBAL_ACCENT_COLOR_NAME = AccentColor;
				CODE_SIGN_STYLE = Automatic;
				CURRENT_PROJECT_VERSION = 1;
				DEVELOPMENT_TEAM = S22H3YR676;
				GENERATE_INFOPLIST_FILE = YES;
				INFOPLIST_FILE = "Individual volleyball stats/Info.plist";
				INFOPLIST_KEY_UIApplicationSupportsIndirectInputEvents = YES;
				INFOPLIST_KEY_UILaunchStoryboardName = LaunchScreen;
				INFOPLIST_KEY_UIMainStoryboardFile = Main;
				INFOPLIST_KEY_UISupportedInterfaceOrientations_iPad = "UIInterfaceOrientationPortrait UIInterfaceOrientationPortraitUpsideDown UIInterfaceOrientationLandscapeLeft UIInterfaceOrientationLandscapeRight";
				INFOPLIST_KEY_UISupportedInterfaceOrientations_iPhone = "UIInterfaceOrientationPortrait UIInterfaceOrientationLandscapeLeft UIInterfaceOrientationLandscapeRight";
				LD_RUNPATH_SEARCH_PATHS = (
					"$(inherited)",
					"@executable_path/Frameworks",
				);
				MARKETING_VERSION = 1.0;
				PRODUCT_BUNDLE_IDENTIFIER = "clc.Individual-volleyball-stats";
				PRODUCT_NAME = "$(TARGET_NAME)";
				SWIFT_EMIT_LOC_STRINGS = YES;
				SWIFT_VERSION = 5.0;
				TARGETED_DEVICE_FAMILY = "1,2";
			};
			name = Release;
		};
/* End XCBuildConfiguration section */

/* Begin XCConfigurationList section */
		4E528FFA285CD50600FC15EE /* Build configuration list for PBXProject "Individual volleyball stats" */ = {
			isa = XCConfigurationList;
			buildConfigurations = (
				4E529014285CD50800FC15EE /* Debug */,
				4E529015285CD50800FC15EE /* Release */,
			);
			defaultConfigurationIsVisible = 0;
			defaultConfigurationName = Release;
		};
		4E529016285CD50800FC15EE /* Build configuration list for PBXNativeTarget "Individual volleyball stats" */ = {
			isa = XCConfigurationList;
			buildConfigurations = (
				4E529017285CD50800FC15EE /* Debug */,
				4E529018285CD50800FC15EE /* Release */,
			);
			defaultConfigurationIsVisible = 0;
			defaultConfigurationName = Release;
		};
/* End XCConfigurationList section */

/* Begin XCVersionGroup section */
		4E52900B285CD50600FC15EE /* Individual_volleyball_stats.xcdatamodeld */ = {
			isa = XCVersionGroup;
			children = (
				4E52900C285CD50600FC15EE /* Individual_volleyball_stats.xcdatamodel */,
			);
			currentVersion = 4E52900C285CD50600FC15EE /* Individual_volleyball_stats.xcdatamodel */;
			path = Individual_volleyball_stats.xcdatamodeld;
			sourceTree = "<group>";
			versionGroupType = wrapper.xcdatamodel;
		};
/* End XCVersionGroup section */
	};
	rootObject = 4E528FF7285CD50500FC15EE /* Project object */;
}
